// !$*UTF8*$!
{
	archiveVersion = 1;
	classes = {
	};
	objectVersion = 46;
	objects = {

/* Begin PBXBuildFile section */
		5D47B9EA1CC8A6E000E442C1 /* CentralModeTableViewController.m in Sources */ = {isa = PBXBuildFile; fileRef = 5D47B9E91CC8A6E000E442C1 /* CentralModeTableViewController.m */; };
		5D47B9ED1CC8BF4300E442C1 /* PeripheralItem.m in Sources */ = {isa = PBXBuildFile; fileRef = 5D47B9EC1CC8BF4300E442C1 /* PeripheralItem.m */; };
		5D8A6ABC1CC8A48600BD561D /* main.m in Sources */ = {isa = PBXBuildFile; fileRef = 5D8A6ABB1CC8A48600BD561D /* main.m */; };
		5D8A6ABF1CC8A48600BD561D /* AppDelegate.m in Sources */ = {isa = PBXBuildFile; fileRef = 5D8A6ABE1CC8A48600BD561D /* AppDelegate.m */; };
		5D8A6AC21CC8A48600BD561D /* FirstViewController.m in Sources */ = {isa = PBXBuildFile; fileRef = 5D8A6AC11CC8A48600BD561D /* FirstViewController.m */; };
		5D8A6AC51CC8A48600BD561D /* SecondViewController.m in Sources */ = {isa = PBXBuildFile; fileRef = 5D8A6AC41CC8A48600BD561D /* SecondViewController.m */; };
		5D8A6AC81CC8A48600BD561D /* Main.storyboard in Resources */ = {isa = PBXBuildFile; fileRef = 5D8A6AC61CC8A48600BD561D /* Main.storyboard */; };
		5D8A6ACA1CC8A48600BD561D /* Assets.xcassets in Resources */ = {isa = PBXBuildFile; fileRef = 5D8A6AC91CC8A48600BD561D /* Assets.xcassets */; };
		5D8A6ACD1CC8A48600BD561D /* LaunchScreen.storyboard in Resources */ = {isa = PBXBuildFile; fileRef = 5D8A6ACB1CC8A48600BD561D /* LaunchScreen.storyboard */; };
		5D8A6AD51CC8A4AC00BD561D /* CoreBluetooth.framework in Frameworks */ = {isa = PBXBuildFile; fileRef = 5D8A6AD41CC8A4AC00BD561D /* CoreBluetooth.framework */; };
		5D9A31391CC9B4DB008C568D /* TalkingViewController.m in Sources */ = {isa = PBXBuildFile; fileRef = 5D9A31381CC9B4DB008C568D /* TalkingViewController.m */; };
/* End PBXBuildFile section */

/* Begin PBXFileReference section */
		5D47B9E81CC8A6E000E442C1 /* CentralModeTableViewController.h */ = {isa = PBXFileReference; fileEncoding = 4; lastKnownFileType = sourcecode.c.h; path = CentralModeTableViewController.h; sourceTree = "<group>"; };
		5D47B9E91CC8A6E000E442C1 /* CentralModeTableViewController.m */ = {isa = PBXFileReference; fileEncoding = 4; lastKnownFileType = sourcecode.c.objc; path = CentralModeTableViewController.m; sourceTree = "<group>"; };
		5D47B9EB1CC8BF4300E442C1 /* PeripheralItem.h */ = {isa = PBXFileReference; fileEncoding = 4; lastKnownFileType = sourcecode.c.h; path = PeripheralItem.h; sourceTree = "<group>"; };
		5D47B9EC1CC8BF4300E442C1 /* PeripheralItem.m */ = {isa = PBXFileReference; fileEncoding = 4; lastKnownFileType = sourcecode.c.objc; path = PeripheralItem.m; sourceTree = "<group>"; };
		5D8A6AB71CC8A48600BD561D /* HelloMyBLE.app */ = {isa = PBXFileReference; explicitFileType = wrapper.application; includeInIndex = 0; path = HelloMyBLE.app; sourceTree = BUILT_PRODUCTS_DIR; };
		5D8A6ABB1CC8A48600BD561D /* main.m */ = {isa = PBXFileReference; lastKnownFileType = sourcecode.c.objc; path = main.m; sourceTree = "<group>"; };
		5D8A6ABD1CC8A48600BD561D /* AppDelegate.h */ = {isa = PBXFileReference; lastKnownFileType = sourcecode.c.h; path = AppDelegate.h; sourceTree = "<group>"; };
		5D8A6ABE1CC8A48600BD561D /* AppDelegate.m */ = {isa = PBXFileReference; lastKnownFileType = sourcecode.c.objc; path = AppDelegate.m; sourceTree = "<group>"; };
		5D8A6AC01CC8A48600BD561D /* FirstViewController.h */ = {isa = PBXFileReference; lastKnownFileType = sourcecode.c.h; path = FirstViewController.h; sourceTree = "<group>"; };
		5D8A6AC11CC8A48600BD561D /* FirstViewController.m */ = {isa = PBXFileReference; lastKnownFileType = sourcecode.c.objc; path = FirstViewController.m; sourceTree = "<group>"; };
		5D8A6AC31CC8A48600BD561D /* SecondViewController.h */ = {isa = PBXFileReference; lastKnownFileType = sourcecode.c.h; path = SecondViewController.h; sourceTree = "<group>"; };
		5D8A6AC41CC8A48600BD561D /* SecondViewController.m */ = {isa = PBXFileReference; lastKnownFileType = sourcecode.c.objc; path = SecondViewController.m; sourceTree = "<group>"; };
		5D8A6AC71CC8A48600BD561D /* Base */ = {isa = PBXFileReference; lastKnownFileType = file.storyboard; name = Base; path = Base.lproj/Main.storyboard; sourceTree = "<group>"; };
		5D8A6AC91CC8A48600BD561D /* Assets.xcassets */ = {isa = PBXFileReference; lastKnownFileType = folder.assetcatalog; path = Assets.xcassets; sourceTree = "<group>"; };
		5D8A6ACC1CC8A48600BD561D /* Base */ = {isa = PBXFileReference; lastKnownFileType = file.storyboard; name = Base; path = Base.lproj/LaunchScreen.storyboard; sourceTree = "<group>"; };
		5D8A6ACE1CC8A48600BD561D /* Info.plist */ = {isa = PBXFileReference; lastKnownFileType = text.plist.xml; path = Info.plist; sourceTree = "<group>"; };
		5D8A6AD41CC8A4AC00BD561D /* CoreBluetooth.framework */ = {isa = PBXFileReference; lastKnownFileType = wrapper.framework; name = CoreBluetooth.framework; path = System/Library/Frameworks/CoreBluetooth.framework; sourceTree = SDKROOT; };
		5D9A31371CC9B4DB008C568D /* TalkingViewController.h */ = {isa = PBXFileReference; fileEncoding = 4; lastKnownFileType = sourcecode.c.h; path = TalkingViewController.h; sourceTree = "<group>"; };
		5D9A31381CC9B4DB008C568D /* TalkingViewController.m */ = {isa = PBXFileReference; fileEncoding = 4; lastKnownFileType = sourcecode.c.objc; path = TalkingViewController.m; sourceTree = "<group>"; };
/* End PBXFileReference section */

/* Begin PBXFrameworksBuildPhase section */
		5D8A6AB41CC8A48600BD561D /* Frameworks */ = {
			isa = PBXFrameworksBuildPhase;
			buildActionMask = 2147483647;
			files = (
				5D8A6AD51CC8A4AC00BD561D /* CoreBluetooth.framework in Frameworks */,
			);
			runOnlyForDeploymentPostprocessing = 0;
		};
/* End PBXFrameworksBuildPhase section */

/* Begin PBXGroup section */
		5D8A6AAE1CC8A48600BD561D = {
			isa = PBXGroup;
			children = (
				5D8A6AD41CC8A4AC00BD561D /* CoreBluetooth.framework */,
				5D8A6AB91CC8A48600BD561D /* HelloMyBLE */,
				5D8A6AB81CC8A48600BD561D /* Products */,
			);
			sourceTree = "<group>";
		};
		5D8A6AB81CC8A48600BD561D /* Products */ = {
			isa = PBXGroup;
			children = (
				5D8A6AB71CC8A48600BD561D /* HelloMyBLE.app */,
			);
			name = Products;
			sourceTree = "<group>";
		};
		5D8A6AB91CC8A48600BD561D /* HelloMyBLE */ = {
			isa = PBXGroup;
			children = (
				5D8A6ABD1CC8A48600BD561D /* AppDelegate.h */,
				5D8A6ABE1CC8A48600BD561D /* AppDelegate.m */,
				5D8A6AC01CC8A48600BD561D /* FirstViewController.h */,
				5D8A6AC11CC8A48600BD561D /* FirstViewController.m */,
				5D47B9EB1CC8BF4300E442C1 /* PeripheralItem.h */,
				5D9A31371CC9B4DB008C568D /* TalkingViewController.h */,
				5D9A31381CC9B4DB008C568D /* TalkingViewController.m */,
				5D47B9EC1CC8BF4300E442C1 /* PeripheralItem.m */,
				5D8A6AC31CC8A48600BD561D /* SecondViewController.h */,
				5D47B9E81CC8A6E000E442C1 /* CentralModeTableViewController.h */,
				5D47B9E91CC8A6E000E442C1 /* CentralModeTableViewController.m */,
				5D8A6AC41CC8A48600BD561D /* SecondViewController.m */,
				5D8A6AC61CC8A48600BD561D /* Main.storyboard */,
				5D8A6AC91CC8A48600BD561D /* Assets.xcassets */,
				5D8A6ACB1CC8A48600BD561D /* LaunchScreen.storyboard */,
				5D8A6ACE1CC8A48600BD561D /* Info.plist */,
				5D8A6ABA1CC8A48600BD561D /* Supporting Files */,
			);
			path = HelloMyBLE;
			sourceTree = "<group>";
		};
		5D8A6ABA1CC8A48600BD561D /* Supporting Files */ = {
			isa = PBXGroup;
			children = (
				5D8A6ABB1CC8A48600BD561D /* main.m */,
			);
			name = "Supporting Files";
			sourceTree = "<group>";
		};
/* End PBXGroup section */

/* Begin PBXNativeTarget section */
		5D8A6AB61CC8A48600BD561D /* HelloMyBLE */ = {
			isa = PBXNativeTarget;
			buildConfigurationList = 5D8A6AD11CC8A48600BD561D /* Build configuration list for PBXNativeTarget "HelloMyBLE" */;
			buildPhases = (
				5D8A6AB31CC8A48600BD561D /* Sources */,
				5D8A6AB41CC8A48600BD561D /* Frameworks */,
				5D8A6AB51CC8A48600BD561D /* Resources */,
			);
			buildRules = (
			);
			dependencies = (
			);
			name = HelloMyBLE;
			productName = HelloMyBLE;
			productReference = 5D8A6AB71CC8A48600BD561D /* HelloMyBLE.app */;
			productType = "com.apple.product-type.application";
		};
/* End PBXNativeTarget section */

/* Begin PBXProject section */
		5D8A6AAF1CC8A48600BD561D /* Project object */ = {
			isa = PBXProject;
			attributes = {
				LastUpgradeCheck = 0730;
				ORGANIZATIONNAME = "Peter Hsu";
				TargetAttributes = {
					5D8A6AB61CC8A48600BD561D = {
						CreatedOnToolsVersion = 7.3;
						DevelopmentTeam = RX6S78692S;
						SystemCapabilities = {
							com.apple.BackgroundModes = {
								enabled = 1;
							};
						};
					};
				};
			};
			buildConfigurationList = 5D8A6AB21CC8A48600BD561D /* Build configuration list for PBXProject "HelloMyBLE" */;
			compatibilityVersion = "Xcode 3.2";
			developmentRegion = English;
			hasScannedForEncodings = 0;
			knownRegions = (
				en,
				Base,
			);
			mainGroup = 5D8A6AAE1CC8A48600BD561D;
			productRefGroup = 5D8A6AB81CC8A48600BD561D /* Products */;
			projectDirPath = "";
			projectRoot = "";
			targets = (
				5D8A6AB61CC8A48600BD561D /* HelloMyBLE */,
			);
		};
/* End PBXProject section */

/* Begin PBXResourcesBuildPhase section */
		5D8A6AB51CC8A48600BD561D /* Resources */ = {
			isa = PBXResourcesBuildPhase;
			buildActionMask = 2147483647;
			files = (
				5D8A6ACD1CC8A48600BD561D /* LaunchScreen.storyboard in Resources */,
				5D8A6ACA1CC8A48600BD561D /* Assets.xcassets in Resources */,
				5D8A6AC81CC8A48600BD561D /* Main.storyboard in Resources */,
			);
			runOnlyForDeploymentPostprocessing = 0;
		};
/* End PBXResourcesBuildPhase section */

/* Begin PBXSourcesBuildPhase section */
		5D8A6AB31CC8A48600BD561D /* Sources */ = {
			isa = PBXSourcesBuildPhase;
			buildActionMask = 2147483647;
			files = (
				5D8A6AC51CC8A48600BD561D /* SecondViewController.m in Sources */,
				5D8A6ABF1CC8A48600BD561D /* AppDelegate.m in Sources */,
				5D9A31391CC9B4DB008C568D /* TalkingViewController.m in Sources */,
				5D47B9ED1CC8BF4300E442C1 /* PeripheralItem.m in Sources */,
				5D8A6AC21CC8A48600BD561D /* FirstViewController.m in Sources */,
				5D47B9EA1CC8A6E000E442C1 /* CentralModeTableViewController.m in Sources */,
				5D8A6ABC1CC8A48600BD561D /* main.m in Sources */,
			);
			runOnlyForDeploymentPostprocessing = 0;
		};
/* End PBXSourcesBuildPhase section */

/* Begin PBXVariantGroup section */
		5D8A6AC61CC8A48600BD561D /* Main.storyboard */ = {
			isa = PBXVariantGroup;
			children = (
				5D8A6AC71CC8A48600BD561D /* Base */,
			);
			name = Main.storyboard;
			sourceTree = "<group>";
		};
		5D8A6ACB1CC8A48600BD561D /* LaunchScreen.storyboard */ = {
			isa = PBXVariantGroup;
			children = (
				5D8A6ACC1CC8A48600BD561D /* Base */,
			);
			name = LaunchScreen.storyboard;
			sourceTree = "<group>";
		};
/* End PBXVariantGroup section */

/* Begin XCBuildConfiguration section */
		5D8A6ACF1CC8A48600BD561D /* Debug */ = {
			isa = XCBuildConfiguration;
			buildSettings = {
				ALWAYS_SEARCH_USER_PATHS = NO;
				CLANG_ANALYZER_NONNULL = YES;
				CLANG_CXX_LANGUAGE_STANDARD = "gnu++0x";
				CLANG_CXX_LIBRARY = "libc++";
				CLANG_ENABLE_MODULES = YES;
				CLANG_ENABLE_OBJC_ARC = YES;
				CLANG_WARN_BOOL_CONVERSION = YES;
				CLANG_WARN_CONSTANT_CONVERSION = YES;
				CLANG_WARN_DIRECT_OBJC_ISA_USAGE = YES_ERROR;
				CLANG_WARN_EMPTY_BODY = YES;
				CLANG_WARN_ENUM_CONVERSION = YES;
				CLANG_WARN_INT_CONVERSION = YES;
				CLANG_WARN_OBJC_ROOT_CLASS = YES_ERROR;
				CLANG_WARN_UNREACHABLE_CODE = YES;
				CLANG_WARN__DUPLICATE_METHOD_MATCH = YES;
				"CODE_SIGN_IDENTITY[sdk=iphoneos*]" = "iPhone Developer";
				COPY_PHASE_STRIP = NO;
				DEBUG_INFORMATION_FORMAT = dwarf;
				ENABLE_STRICT_OBJC_MSGSEND = YES;
				ENABLE_TESTABILITY = YES;
				GCC_C_LANGUAGE_STANDARD = gnu99;
				GCC_DYNAMIC_NO_PIC = NO;
				GCC_NO_COMMON_BLOCKS = YES;
				GCC_OPTIMIZATION_LEVEL = 0;
				GCC_PREPROCESSOR_DEFINITIONS = (
					"DEBUG=1",
					"$(inherited)",
				);
				GCC_WARN_64_TO_32_BIT_CONVERSION = YES;
				GCC_WARN_ABOUT_RETURN_TYPE = YES_ERROR;
				GCC_WARN_UNDECLARED_SELECTOR = YES;
				GCC_WARN_UNINITIALIZED_AUTOS = YES_AGGRESSIVE;
				GCC_WARN_UNUSED_FUNCTION = YES;
				GCC_WARN_UNUSED_VARIABLE = YES;
				IPHONEOS_DEPLOYMENT_TARGET = 9.3;
				MTL_ENABLE_DEBUG_INFO = YES;
				ONLY_ACTIVE_ARCH = YES;
				SDKROOT = iphoneos;
				TARGETED_DEVICE_FAMILY = "1,2";
			};
			name = Debug;
		};
		5D8A6AD01CC8A48600BD561D /* Release */ = {
			isa = XCBuildConfiguration;
			buildSettings = {
				ALWAYS_SEARCH_USER_PATHS = NO;
				CLANG_ANALYZER_NONNULL = YES;
				CLANG_CXX_LANGUAGE_STANDARD = "gnu++0x";
				CLANG_CXX_LIBRARY = "libc++";
				CLANG_ENABLE_MODULES = YES;
				CLANG_ENABLE_OBJC_ARC = YES;
				CLANG_WARN_BOOL_CONVERSION = YES;
				CLANG_WARN_CONSTANT_CONVERSION = YES;
				CLANG_WARN_DIRECT_OBJC_ISA_USAGE = YES_ERROR;
				CLANG_WARN_EMPTY_BODY = YES;
				CLANG_WARN_ENUM_CONVERSION = YES;
				CLANG_WARN_INT_CONVERSION = YES;
				CLANG_WARN_OBJC_ROOT_CLASS = YES_ERROR;
				CLANG_WARN_UNREACHABLE_CODE = YES;
				CLANG_WARN__DUPLICATE_METHOD_MATCH = YES;
				"CODE_SIGN_IDENTITY[sdk=iphoneos*]" = "iPhone Developer";
				COPY_PHASE_STRIP = NO;
				DEBUG_INFORMATION_FORMAT = "dwarf-with-dsym";
				ENABLE_NS_ASSERTIONS = NO;
				ENABLE_STRICT_OBJC_MSGSEND = YES;
				GCC_C_LANGUAGE_STANDARD = gnu99;
				GCC_NO_COMMON_BLOCKS = YES;
				GCC_WARN_64_TO_32_BIT_CONVERSION = YES;
				GCC_WARN_ABOUT_RETURN_TYPE = YES_ERROR;
				GCC_WARN_UNDECLARED_SELECTOR = YES;
				GCC_WARN_UNINITIALIZED_AUTOS = YES_AGGRESSIVE;
				GCC_WARN_UNUSED_FUNCTION = YES;
				GCC_WARN_UNUSED_VARIABLE = YES;
				IPHONEOS_DEPLOYMENT_TARGET = 9.3;
				MTL_ENABLE_DEBUG_INFO = NO;
				SDKROOT = iphoneos;
				TARGETED_DEVICE_FAMILY = "1,2";
				VALIDATE_PRODUCT = YES;
			};
			name = Release;
		};
		5D8A6AD21CC8A48600BD561D /* Debug */ = {
			isa = XCBuildConfiguration;
			buildSettings = {
				ASSETCATALOG_COMPILER_APPICON_NAME = AppIcon;
				CODE_SIGN_IDENTITY = "iPhone Developer";
				"CODE_SIGN_IDENTITY[sdk=iphoneos*]" = "iPhone Developer";
				INFOPLIST_FILE = HelloMyBLE/Info.plist;
				LD_RUNPATH_SEARCH_PATHS = "$(inherited) @executable_path/Frameworks";
				PRODUCT_BUNDLE_IDENTIFIER = com.soyo.HelloMyBLE;
				PRODUCT_NAME = "$(TARGET_NAME)";
				PROVISIONING_PROFILE = "";
			};
			name = Debug;
		};
		5D8A6AD31CC8A48600BD561D /* Release */ = {
			isa = XCBuildConfiguration;
			buildSettings = {
				ASSETCATALOG_COMPILER_APPICON_NAME = AppIcon;
				CODE_SIGN_IDENTITY = "iPhone Developer";
				"CODE_SIGN_IDENTITY[sdk=iphoneos*]" = "iPhone Developer";
				INFOPLIST_FILE = HelloMyBLE/Info.plist;
				LD_RUNPATH_SEARCH_PATHS = "$(inherited) @executable_path/Frameworks";
				PRODUCT_BUNDLE_IDENTIFIER = com.soyo.HelloMyBLE;
				PRODUCT_NAME = "$(TARGET_NAME)";
				PROVISIONING_PROFILE = "";
			};
			name = Release;
		};
/* End XCBuildConfiguration section */

/* Begin XCConfigurationList section */
		5D8A6AB21CC8A48600BD561D /* Build configuration list for PBXProject "HelloMyBLE" */ = {
			isa = XCConfigurationList;
			buildConfigurations = (
				5D8A6ACF1CC8A48600BD561D /* Debug */,
				5D8A6AD01CC8A48600BD561D /* Release */,
			);
			defaultConfigurationIsVisible = 0;
			defaultConfigurationName = Release;
		};
		5D8A6AD11CC8A48600BD561D /* Build configuration list for PBXNativeTarget "HelloMyBLE" */ = {
			isa = XCConfigurationList;
			buildConfigurations = (
				5D8A6AD21CC8A48600BD561D /* Debug */,
				5D8A6AD31CC8A48600BD561D /* Release */,
			);
			defaultConfigurationIsVisible = 0;
			defaultConfigurationName = Release;
		};
/* End XCConfigurationList section */
	};
	rootObject = 5D8A6AAF1CC8A48600BD561D /* Project object */;
}
